
Microsoft Visual Studio Solution File, Format Version 12.00
# Visual Studio 2013
VisualStudioVersion = 12.0.21005.1
MinimumVisualStudioVersion = 10.0.40219.1
Project("{F088123C-0E9E-452A-89E6-6BA2F21D5CAC}") = "SadModel", "..\src\SadModel\SadModel.modelproj", "{4DBEA2D2-F078-4FDC-99EE-AEEAB9B19375}"
EndProject
Project("{FAE04EC0-301F-11D3-BF4B-00C04F79EFBC}") = "SadLibrary", "..\src\SadLibrary\SadLibrary.csproj", "{FF704DC7-1697-40FE-883C-B80935B13B76}"
EndProject
Project("{FAE04EC0-301F-11D3-BF4B-00C04F79EFBC}") = "SadCL", "..\src\SadCL\SadCL.csproj", "{79BBDAE1-1D3A-449B-A2D4-CC333A71ADC7}"
EndProject
Project("{FAE04EC0-301F-11D3-BF4B-00C04F79EFBC}") = "SadGUI", "..\src\SadGUI\SadGUI.csproj", "{C7B381D2-A342-4333-8C5B-BD380FD96A4F}"
EndProject
Project("{FAE04EC0-301F-11D3-BF4B-00C04F79EFBC}") = "TempGui", "..\Src\TempGui\TempGui.csproj", "{B5F8AAD2-4851-49FA-9669-E8A17000735A}"
EndProject
Global
	GlobalSection(SolutionConfigurationPlatforms) = preSolution
		Debug|Any CPU = Debug|Any CPU
		Debug|Mixed Platforms = Debug|Mixed Platforms
		Debug|x86 = Debug|x86
		Release|Any CPU = Release|Any CPU
		Release|Mixed Platforms = Release|Mixed Platforms
		Release|x86 = Release|x86
	EndGlobalSection
	GlobalSection(ProjectConfigurationPlatforms) = postSolution
		{4DBEA2D2-F078-4FDC-99EE-AEEAB9B19375}.Debug|Any CPU.ActiveCfg = Debug|Any CPU
		{4DBEA2D2-F078-4FDC-99EE-AEEAB9B19375}.Debug|Any CPU.Build.0 = Debug|Any CPU
		{4DBEA2D2-F078-4FDC-99EE-AEEAB9B19375}.Debug|Mixed Platforms.ActiveCfg = Debug|Any CPU
		{4DBEA2D2-F078-4FDC-99EE-AEEAB9B19375}.Debug|Mixed Platforms.Build.0 = Debug|Any CPU
		{4DBEA2D2-F078-4FDC-99EE-AEEAB9B19375}.Debug|x86.ActiveCfg = Debug|Any CPU
		{4DBEA2D2-F078-4FDC-99EE-AEEAB9B19375}.Release|Any CPU.ActiveCfg = Release|Any CPU
		{4DBEA2D2-F078-4FDC-99EE-AEEAB9B19375}.Release|Any CPU.Build.0 = Release|Any CPU
		{4DBEA2D2-F078-4FDC-99EE-AEEAB9B19375}.Release|Mixed Platforms.ActiveCfg = Release|Any CPU
		{4DBEA2D2-F078-4FDC-99EE-AEEAB9B19375}.Release|Mixed Platforms.Build.0 = Release|Any CPU
		{4DBEA2D2-F078-4FDC-99EE-AEEAB9B19375}.Release|x86.ActiveCfg = Release|Any CPU
		{FF704DC7-1697-40FE-883C-B80935B13B76}.Debug|Any CPU.ActiveCfg = Debug|Any CPU
		{FF704DC7-1697-40FE-883C-B80935B13B76}.Debug|Any CPU.Build.0 = Debug|Any CPU
		{FF704DC7-1697-40FE-883C-B80935B13B76}.Debug|Mixed Platforms.ActiveCfg = Debug|Any CPU
		{FF704DC7-1697-40FE-883C-B80935B13B76}.Debug|Mixed Platforms.Build.0 = Debug|Any CPU
		{FF704DC7-1697-40FE-883C-B80935B13B76}.Debug|x86.ActiveCfg = Debug|Any CPU
		{FF704DC7-1697-40FE-883C-B80935B13B76}.Release|Any CPU.ActiveCfg = Release|Any CPU
		{FF704DC7-1697-40FE-883C-B80935B13B76}.Release|Any CPU.Build.0 = Release|Any CPU
		{FF704DC7-1697-40FE-883C-B80935B13B76}.Release|Mixed Platforms.ActiveCfg = Release|Any CPU
		{FF704DC7-1697-40FE-883C-B80935B13B76}.Release|Mixed Platforms.Build.0 = Release|Any CPU
		{FF704DC7-1697-40FE-883C-B80935B13B76}.Release|x86.ActiveCfg = Release|Any CPU
		{79BBDAE1-1D3A-449B-A2D4-CC333A71ADC7}.Debug|Any CPU.ActiveCfg = Debug|Any CPU
		{79BBDAE1-1D3A-449B-A2D4-CC333A71ADC7}.Debug|Any CPU.Build.0 = Debug|Any CPU
		{79BBDAE1-1D3A-449B-A2D4-CC333A71ADC7}.Debug|Mixed Platforms.ActiveCfg = Debug|x86
		{79BBDAE1-1D3A-449B-A2D4-CC333A71ADC7}.Debug|Mixed Platforms.Build.0 = Debug|x86
		{79BBDAE1-1D3A-449B-A2D4-CC333A71ADC7}.Debug|x86.ActiveCfg = Debug|x86
		{79BBDAE1-1D3A-449B-A2D4-CC333A71ADC7}.Debug|x86.Build.0 = Debug|x86
		{79BBDAE1-1D3A-449B-A2D4-CC333A71ADC7}.Release|Any CPU.ActiveCfg = Release|Any CPU
		{79BBDAE1-1D3A-449B-A2D4-CC333A71ADC7}.Release|Any CPU.Build.0 = Release|Any CPU
		{79BBDAE1-1D3A-449B-A2D4-CC333A71ADC7}.Release|Mixed Platforms.ActiveCfg = Release|x86
		{79BBDAE1-1D3A-449B-A2D4-CC333A71ADC7}.Release|Mixed Platforms.Build.0 = Release|x86
		{79BBDAE1-1D3A-449B-A2D4-CC333A71ADC7}.Release|x86.ActiveCfg = Release|x86
		{79BBDAE1-1D3A-449B-A2D4-CC333A71ADC7}.Release|x86.Build.0 = Release|x86
		{C7B381D2-A342-4333-8C5B-BD380FD96A4F}.Debug|Any CPU.ActiveCfg = Debug|Any CPU
		{C7B381D2-A342-4333-8C5B-BD380FD96A4F}.Debug|Any CPU.Build.0 = Debug|Any CPU
		{C7B381D2-A342-4333-8C5B-BD380FD96A4F}.Debug|Mixed Platforms.ActiveCfg = Debug|Any CPU
		{C7B381D2-A342-4333-8C5B-BD380FD96A4F}.Debug|Mixed Platforms.Build.0 = Debug|Any CPU
		{C7B381D2-A342-4333-8C5B-BD380FD96A4F}.Debug|x86.ActiveCfg = Debug|Any CPU
		{C7B381D2-A342-4333-8C5B-BD380FD96A4F}.Release|Any CPU.ActiveCfg = Release|Any CPU
		{C7B381D2-A342-4333-8C5B-BD380FD96A4F}.Release|Any CPU.Build.0 = Release|Any CPU
		{C7B381D2-A342-4333-8C5B-BD380FD96A4F}.Release|Mixed Platforms.ActiveCfg = Release|Any CPU
		{C7B381D2-A342-4333-8C5B-BD380FD96A4F}.Release|Mixed Platforms.Build.0 = Release|Any CPU
		{C7B381D2-A342-4333-8C5B-BD380FD96A4F}.Release|x86.ActiveCfg = Release|Any CPU
		{B5F8AAD2-4851-49FA-9669-E8A17000735A}.Debug|Any CPU.ActiveCfg = Debug|Any CPU
		{B5F8AAD2-4851-49FA-9669-E8A17000735A}.Debug|Any CPU.Build.0 = Debug|Any CPU
		{B5F8AAD2-4851-49FA-9669-E8A17000735A}.Debug|Mixed Platforms.ActiveCfg = Debug|Any CPU
		{B5F8AAD2-4851-49FA-9669-E8A17000735A}.Debug|Mixed Platforms.Build.0 = Debug|Any CPU
		{B5F8AAD2-4851-49FA-9669-E8A17000735A}.Debug|x86.ActiveCfg = Debug|Any CPU
		{B5F8AAD2-4851-49FA-9669-E8A17000735A}.Release|Any CPU.ActiveCfg = Release|Any CPU
		{B5F8AAD2-4851-49FA-9669-E8A17000735A}.Release|Any CPU.Build.0 = Release|Any CPU
		{B5F8AAD2-4851-49FA-9669-E8A17000735A}.Release|Mixed Platforms.ActiveCfg = Release|Any CPU
		{B5F8AAD2-4851-49FA-9669-E8A17000735A}.Release|Mixed Platforms.Build.0 = Release|Any CPU
		{B5F8AAD2-4851-49FA-9669-E8A17000735A}.Release|x86.ActiveCfg = Release|Any CPU
	EndGlobalSection
	GlobalSection(SolutionProperties) = preSolution
		HideSolutionNode = FALSE
	EndGlobalSection
EndGlobal
